
Microsoft Visual Studio Solution File, Format Version 12.00
# Visual Studio Version 17
VisualStudioVersion = 17.12.35707.178 d17.12
MinimumVisualStudioVersion = 10.0.40219.1
Project("{FAE04EC0-301F-11D3-BF4B-00C04F79EFBC}") = "Projeto- Sistema de Estoque", "Projeto- Sistema de Estoque.csproj", "{5B33A3EA-5C20-44B2-8288-BD7E40E3EE6B}"
EndProject
Global
	GlobalSection(SolutionConfigurationPlatforms) = preSolution
		Debug|Any CPU = Debug|Any CPU
		Release|Any CPU = Release|Any CPU
	EndGlobalSection
	GlobalSection(ProjectConfigurationPlatforms) = postSolution
		{5B33A3EA-5C20-44B2-8288-BD7E40E3EE6B}.Debug|Any CPU.ActiveCfg = Debug|Any CPU
		{5B33A3EA-5C20-44B2-8288-BD7E40E3EE6B}.Debug|Any CPU.Build.0 = Debug|Any CPU
		{5B33A3EA-5C20-44B2-8288-BD7E40E3EE6B}.Release|Any CPU.ActiveCfg = Release|Any CPU
		{5B33A3EA-5C20-44B2-8288-BD7E40E3EE6B}.Release|Any CPU.Build.0 = Release|Any CPU
	EndGlobalSection
	GlobalSection(SolutionProperties) = preSolution
		HideSolutionNode = FALSE
	EndGlobalSection
EndGlobal
